
Microsoft Visual Studio Solution File, Format Version 12.00
# Visual Studio Version 16
VisualStudioVersion = 16.0.29905.134
MinimumVisualStudioVersion = 10.0.40219.1
Project("{9A19103F-16F7-4668-BE54-9A1E7A4F7556}") = "Gsemac.Net.CloudflareUtilities", "Gsemac.Net.CloudflareUtilities\Gsemac.Net.CloudflareUtilities.csproj", "{0453DD63-5CF6-4CF1-8ADD-476DE4988443}"
EndProject
Project("{2150E333-8FDC-42A3-9474-1A3956D46DE8}") = "lib", "lib", "{97BA87A9-AE17-4B9F-AE96-2DF909BF1C75}"
EndProject
Project("{2150E333-8FDC-42A3-9474-1A3956D46DE8}") = "tests", "tests", "{30145AA1-F96A-4EB5-BC4C-CE8B43D6D0B2}"
EndProject
Project("{9A19103F-16F7-4668-BE54-9A1E7A4F7556}") = "Gsemac.Net.CloudflareUtilities.WebDriver.Tests", "Gsemac.Net.CloudflareUtilities.WebDriver.Tests\Gsemac.Net.CloudflareUtilities.WebDriver.Tests.csproj", "{5EBF9994-3955-46B5-B90B-6045003A24DE}"
EndProject
Project("{9A19103F-16F7-4668-BE54-9A1E7A4F7556}") = "Gsemac.Net.CloudflareUtilities.WebDriver", "Gsemac.Net.CloudflareUtilities.WebDriver\Gsemac.Net.CloudflareUtilities.WebDriver.csproj", "{41CD45A5-5D28-46F2-A522-21CBB8000829}"
EndProject
Project("{9A19103F-16F7-4668-BE54-9A1E7A4F7556}") = "Gsemac.Net.CloudflareUtilities.Cef", "Gsemac.Net.CloudflareUtilities.Cef\Gsemac.Net.CloudflareUtilities.Cef.csproj", "{F977D14D-4585-409B-A5D5-3011550C0477}"
EndProject
Project("{9A19103F-16F7-4668-BE54-9A1E7A4F7556}") = "Gsemac.Net.CloudflareUtilities.Tests", "Gsemac.Net.CloudflareUtilities.Tests\Gsemac.Net.CloudflareUtilities.Tests.csproj", "{B2DE6F7C-0816-4DEA-8761-FA814D8D73AE}"
EndProject
Project("{9A19103F-16F7-4668-BE54-9A1E7A4F7556}") = "Gsemac.Net.CloudflareUtilities.Cef.Tests", "Gsemac.Net.CloudflareUtilities.Cef.Tests\Gsemac.Net.CloudflareUtilities.Cef.Tests.csproj", "{018D2801-DAC2-40D0-A2DA-BA987688DD4A}"
EndProject
Project("{2150E333-8FDC-42A3-9474-1A3956D46DE8}") = "extensions", "extensions", "{D44C88CC-6DA9-4E05-A06E-E96795280524}"
EndProject
Project("{2150E333-8FDC-42A3-9474-1A3956D46DE8}") = "chrome", "chrome", "{A21D890C-C7B7-4A7E-B76E-297AD7114189}"
	ProjectSection(SolutionItems) = preProject
		extensions\chrome\content.js = extensions\chrome\content.js
		extensions\chrome\manifest.json = extensions\chrome\manifest.json
		extensions\chrome\stealth.js = extensions\chrome\stealth.js
	EndProjectSection
EndProject
Project("{9A19103F-16F7-4668-BE54-9A1E7A4F7556}") = "Gsemac.Net.CloudflareUtilities.Cli", "Gsemac.Net.CloudflareUtilities.Cli\Gsemac.Net.CloudflareUtilities.Cli.csproj", "{E6965423-0BC9-4CB3-84A9-FFECD0F2B16A}"
EndProject
Global
	GlobalSection(SolutionConfigurationPlatforms) = preSolution
		Debug|Any CPU = Debug|Any CPU
		Release|Any CPU = Release|Any CPU
	EndGlobalSection
	GlobalSection(ProjectConfigurationPlatforms) = postSolution
		{0453DD63-5CF6-4CF1-8ADD-476DE4988443}.Debug|Any CPU.ActiveCfg = Debug|Any CPU
		{0453DD63-5CF6-4CF1-8ADD-476DE4988443}.Debug|Any CPU.Build.0 = Debug|Any CPU
		{0453DD63-5CF6-4CF1-8ADD-476DE4988443}.Release|Any CPU.ActiveCfg = Release|Any CPU
		{0453DD63-5CF6-4CF1-8ADD-476DE4988443}.Release|Any CPU.Build.0 = Release|Any CPU
		{5EBF9994-3955-46B5-B90B-6045003A24DE}.Debug|Any CPU.ActiveCfg = Debug|Any CPU
		{5EBF9994-3955-46B5-B90B-6045003A24DE}.Debug|Any CPU.Build.0 = Debug|Any CPU
		{5EBF9994-3955-46B5-B90B-6045003A24DE}.Release|Any CPU.ActiveCfg = Release|Any CPU
		{5EBF9994-3955-46B5-B90B-6045003A24DE}.Release|Any CPU.Build.0 = Release|Any CPU
		{41CD45A5-5D28-46F2-A522-21CBB8000829}.Debug|Any CPU.ActiveCfg = Debug|Any CPU
		{41CD45A5-5D28-46F2-A522-21CBB8000829}.Debug|Any CPU.Build.0 = Debug|Any CPU
		{41CD45A5-5D28-46F2-A522-21CBB8000829}.Release|Any CPU.ActiveCfg = Release|Any CPU
		{41CD45A5-5D28-46F2-A522-21CBB8000829}.Release|Any CPU.Build.0 = Release|Any CPU
		{F977D14D-4585-409B-A5D5-3011550C0477}.Debug|Any CPU.ActiveCfg = Debug|Any CPU
		{F977D14D-4585-409B-A5D5-3011550C0477}.Debug|Any CPU.Build.0 = Debug|Any CPU
		{F977D14D-4585-409B-A5D5-3011550C0477}.Release|Any CPU.ActiveCfg = Release|Any CPU
		{F977D14D-4585-409B-A5D5-3011550C0477}.Release|Any CPU.Build.0 = Release|Any CPU
		{B2DE6F7C-0816-4DEA-8761-FA814D8D73AE}.Debug|Any CPU.ActiveCfg = Debug|Any CPU
		{B2DE6F7C-0816-4DEA-8761-FA814D8D73AE}.Debug|Any CPU.Build.0 = Debug|Any CPU
		{B2DE6F7C-0816-4DEA-8761-FA814D8D73AE}.Release|Any CPU.ActiveCfg = Release|Any CPU
		{B2DE6F7C-0816-4DEA-8761-FA814D8D73AE}.Release|Any CPU.Build.0 = Release|Any CPU
		{018D2801-DAC2-40D0-A2DA-BA987688DD4A}.Debug|Any CPU.ActiveCfg = Debug|Any CPU
		{018D2801-DAC2-40D0-A2DA-BA987688DD4A}.Debug|Any CPU.Build.0 = Debug|Any CPU
		{018D2801-DAC2-40D0-A2DA-BA987688DD4A}.Release|Any CPU.ActiveCfg = Release|Any CPU
		{018D2801-DAC2-40D0-A2DA-BA987688DD4A}.Release|Any CPU.Build.0 = Release|Any CPU
		{E6965423-0BC9-4CB3-84A9-FFECD0F2B16A}.Debug|Any CPU.ActiveCfg = Debug|Any CPU
		{E6965423-0BC9-4CB3-84A9-FFECD0F2B16A}.Debug|Any CPU.Build.0 = Debug|Any CPU
		{E6965423-0BC9-4CB3-84A9-FFECD0F2B16A}.Release|Any CPU.ActiveCfg = Release|Any CPU
		{E6965423-0BC9-4CB3-84A9-FFECD0F2B16A}.Release|Any CPU.Build.0 = Release|Any CPU
	EndGlobalSection
	GlobalSection(SolutionProperties) = preSolution
		HideSolutionNode = FALSE
	EndGlobalSection
	GlobalSection(NestedProjects) = preSolution
		{0453DD63-5CF6-4CF1-8ADD-476DE4988443} = {97BA87A9-AE17-4B9F-AE96-2DF909BF1C75}
		{5EBF9994-3955-46B5-B90B-6045003A24DE} = {30145AA1-F96A-4EB5-BC4C-CE8B43D6D0B2}
		{41CD45A5-5D28-46F2-A522-21CBB8000829} = {97BA87A9-AE17-4B9F-AE96-2DF909BF1C75}
		{F977D14D-4585-409B-A5D5-3011550C0477} = {97BA87A9-AE17-4B9F-AE96-2DF909BF1C75}
		{B2DE6F7C-0816-4DEA-8761-FA814D8D73AE} = {30145AA1-F96A-4EB5-BC4C-CE8B43D6D0B2}
		{018D2801-DAC2-40D0-A2DA-BA987688DD4A} = {30145AA1-F96A-4EB5-BC4C-CE8B43D6D0B2}
		{A21D890C-C7B7-4A7E-B76E-297AD7114189} = {D44C88CC-6DA9-4E05-A06E-E96795280524}
	EndGlobalSection
	GlobalSection(ExtensibilityGlobals) = postSolution
		SolutionGuid = {081562A9-146D-47DE-99D0-7D8FB48655CA}
	EndGlobalSection
EndGlobal
