
Microsoft Visual Studio Solution File, Format Version 12.00
# Visual Studio Version 16
VisualStudioVersion = 16.0.29905.134
MinimumVisualStudioVersion = 10.0.40219.1
Project("{9A19103F-16F7-4668-BE54-9A1E7A4F7556}") = "Gsemac.CloudflareUtilities", "Gsemac.CloudflareUtilities\Gsemac.CloudflareUtilities.csproj", "{0453DD63-5CF6-4CF1-8ADD-476DE4988443}"
EndProject
Global
	GlobalSection(SolutionConfigurationPlatforms) = preSolution
		Debug|Any CPU = Debug|Any CPU
		Release|Any CPU = Release|Any CPU
	EndGlobalSection
	GlobalSection(ProjectConfigurationPlatforms) = postSolution
		{0453DD63-5CF6-4CF1-8ADD-476DE4988443}.Debug|Any CPU.ActiveCfg = Debug|Any CPU
		{0453DD63-5CF6-4CF1-8ADD-476DE4988443}.Debug|Any CPU.Build.0 = Debug|Any CPU
		{0453DD63-5CF6-4CF1-8ADD-476DE4988443}.Release|Any CPU.ActiveCfg = Release|Any CPU
		{0453DD63-5CF6-4CF1-8ADD-476DE4988443}.Release|Any CPU.Build.0 = Release|Any CPU
	EndGlobalSection
	GlobalSection(SolutionProperties) = preSolution
		HideSolutionNode = FALSE
	EndGlobalSection
	GlobalSection(ExtensibilityGlobals) = postSolution
		SolutionGuid = {081562A9-146D-47DE-99D0-7D8FB48655CA}
	EndGlobalSection
EndGlobal
